// !$*UTF8*$!
{
	archiveVersion = 1;
	classes = {
	};
	objectVersion = 50;
	objects = {

/* Begin PBXBuildFile section */
		846D5E4325C50C9900C4E349 /* AppDelegate.swift in Sources */ = {isa = PBXBuildFile; fileRef = 846D5E4225C50C9900C4E349 /* AppDelegate.swift */; };
		846D5E4A25C50C9900C4E349 /* Main.storyboard in Resources */ = {isa = PBXBuildFile; fileRef = 846D5E4825C50C9900C4E349 /* Main.storyboard */; };
		846D5E4C25C50C9B00C4E349 /* Assets.xcassets in Resources */ = {isa = PBXBuildFile; fileRef = 846D5E4B25C50C9B00C4E349 /* Assets.xcassets */; };
		846D5E4F25C50C9B00C4E349 /* LaunchScreen.storyboard in Resources */ = {isa = PBXBuildFile; fileRef = 846D5E4D25C50C9B00C4E349 /* LaunchScreen.storyboard */; };
		84A854CB25C991F500E32C57 /* YCBaseViewController.swift in Sources */ = {isa = PBXBuildFile; fileRef = 84A854CA25C991F500E32C57 /* YCBaseViewController.swift */; };
		84A854D025C9924700E32C57 /* HomeViewController.swift in Sources */ = {isa = PBXBuildFile; fileRef = 84A854CF25C9924700E32C57 /* HomeViewController.swift */; };
		84A854D525C99B9E00E32C57 /* UIBarButtonItem+Extension.swift in Sources */ = {isa = PBXBuildFile; fileRef = 84A854D425C99B9E00E32C57 /* UIBarButtonItem+Extension.swift */; };
		84AC659325C852DB00F2D4F5 /* Home.storyboard in Resources */ = {isa = PBXBuildFile; fileRef = 84AC659125C852DB00F2D4F5 /* Home.storyboard */; };
		84AC659525C852F500F2D4F5 /* Live.storyboard in Resources */ = {isa = PBXBuildFile; fileRef = 84AC659425C852F500F2D4F5 /* Live.storyboard */; };
		84AC659825C8530B00F2D4F5 /* Follow.storyboard in Resources */ = {isa = PBXBuildFile; fileRef = 84AC659625C8530B00F2D4F5 /* Follow.storyboard */; };
		84AC659A25C8532200F2D4F5 /* Mine.storyboard in Resources */ = {isa = PBXBuildFile; fileRef = 84AC659925C8532200F2D4F5 /* Mine.storyboard */; };
		84AC659C25C8540000F2D4F5 /* MainViewController.swift in Sources */ = {isa = PBXBuildFile; fileRef = 84AC659B25C8540000F2D4F5 /* MainViewController.swift */; };
/* End PBXBuildFile section */

/* Begin PBXFileReference section */
		846D5E3F25C50C9900C4E349 /* DYZB.app */ = {isa = PBXFileReference; explicitFileType = wrapper.application; includeInIndex = 0; path = DYZB.app; sourceTree = BUILT_PRODUCTS_DIR; };
		846D5E4225C50C9900C4E349 /* AppDelegate.swift */ = {isa = PBXFileReference; lastKnownFileType = sourcecode.swift; path = AppDelegate.swift; sourceTree = "<group>"; };
		846D5E4925C50C9900C4E349 /* Base */ = {isa = PBXFileReference; lastKnownFileType = file.storyboard; name = Base; path = Base.lproj/Main.storyboard; sourceTree = "<group>"; };
		846D5E4B25C50C9B00C4E349 /* Assets.xcassets */ = {isa = PBXFileReference; lastKnownFileType = folder.assetcatalog; path = Assets.xcassets; sourceTree = "<group>"; };
		846D5E4E25C50C9B00C4E349 /* Base */ = {isa = PBXFileReference; lastKnownFileType = file.storyboard; name = Base; path = Base.lproj/LaunchScreen.storyboard; sourceTree = "<group>"; };
		846D5E5025C50C9B00C4E349 /* Info.plist */ = {isa = PBXFileReference; lastKnownFileType = text.plist.xml; path = Info.plist; sourceTree = "<group>"; };
		84A854CA25C991F500E32C57 /* YCBaseViewController.swift */ = {isa = PBXFileReference; lastKnownFileType = sourcecode.swift; path = YCBaseViewController.swift; sourceTree = "<group>"; };
		84A854CF25C9924700E32C57 /* HomeViewController.swift */ = {isa = PBXFileReference; lastKnownFileType = sourcecode.swift; path = HomeViewController.swift; sourceTree = "<group>"; };
		84A854D425C99B9E00E32C57 /* UIBarButtonItem+Extension.swift */ = {isa = PBXFileReference; lastKnownFileType = sourcecode.swift; path = "UIBarButtonItem+Extension.swift"; sourceTree = "<group>"; };
		84AC659225C852DB00F2D4F5 /* Base */ = {isa = PBXFileReference; lastKnownFileType = file.storyboard; name = Base; path = DYZB/class/Main/Base.lproj/Home.storyboard; sourceTree = "<group>"; };
		84AC659425C852F500F2D4F5 /* Live.storyboard */ = {isa = PBXFileReference; fileEncoding = 4; lastKnownFileType = file.storyboard; path = Live.storyboard; sourceTree = "<group>"; };
		84AC659725C8530B00F2D4F5 /* Base */ = {isa = PBXFileReference; lastKnownFileType = file.storyboard; name = Base; path = DYZB/class/Main/Base.lproj/Follow.storyboard; sourceTree = "<group>"; };
		84AC659925C8532200F2D4F5 /* Mine.storyboard */ = {isa = PBXFileReference; fileEncoding = 4; lastKnownFileType = file.storyboard; path = Mine.storyboard; sourceTree = "<group>"; };
		84AC659B25C8540000F2D4F5 /* MainViewController.swift */ = {isa = PBXFileReference; lastKnownFileType = sourcecode.swift; path = MainViewController.swift; sourceTree = "<group>"; };
/* End PBXFileReference section */

/* Begin PBXFrameworksBuildPhase section */
		846D5E3C25C50C9900C4E349 /* Frameworks */ = {
			isa = PBXFrameworksBuildPhase;
			buildActionMask = 2147483647;
			files = (
			);
			runOnlyForDeploymentPostprocessing = 0;
		};
/* End PBXFrameworksBuildPhase section */

/* Begin PBXGroup section */
		8402F91725C6F838005D4495 /* class */ = {
			isa = PBXGroup;
			children = (
				8402F91C25C6F838005D4495 /* Main */,
				8402F91825C6F838005D4495 /* Home */,
				8402F91925C6F838005D4495 /* Tools */,
				8402F91D25C6F863005D4495 /* Follow */,
				8402F91A25C6F838005D4495 /* Live */,
				8402F91B25C6F838005D4495 /* Mine */,
			);
			path = class;
			sourceTree = "<group>";
		};
		8402F91825C6F838005D4495 /* Home */ = {
			isa = PBXGroup;
			children = (
				84AC659125C852DB00F2D4F5 /* Home.storyboard */,
				84A854C925C9915200E32C57 /* model */,
				84A854C825C9914B00E32C57 /* view */,
				84A854C725C9913900E32C57 /* controller */,
			);
			path = Home;
			sourceTree = "<group>";
		};
		8402F91925C6F838005D4495 /* Tools */ = {
			isa = PBXGroup;
			children = (
				84A854D125C99B5800E32C57 /* YCExtension */,
			);
			path = Tools;
			sourceTree = "<group>";
		};
		8402F91A25C6F838005D4495 /* Live */ = {
			isa = PBXGroup;
			children = (
				84AC659425C852F500F2D4F5 /* Live.storyboard */,
			);
			path = Live;
			sourceTree = "<group>";
		};
		8402F91B25C6F838005D4495 /* Mine */ = {
			isa = PBXGroup;
			children = (
				84AC659925C8532200F2D4F5 /* Mine.storyboard */,
			);
			path = Mine;
			sourceTree = "<group>";
		};
		8402F91C25C6F838005D4495 /* Main */ = {
			isa = PBXGroup;
			children = (
				846D5E4825C50C9900C4E349 /* Main.storyboard */,
				84A854CE25C9920F00E32C57 /* model */,
				84A854CD25C9920900E32C57 /* view */,
				84A854CC25C9920000E32C57 /* controller */,
			);
			path = Main;
			sourceTree = "<group>";
		};
		8402F91D25C6F863005D4495 /* Follow */ = {
			isa = PBXGroup;
			children = (
				84AC659625C8530B00F2D4F5 /* Follow.storyboard */,
			);
			path = Follow;
			sourceTree = "<group>";
		};
		846D5E3625C50C9900C4E349 = {
			isa = PBXGroup;
			children = (
				846D5E4125C50C9900C4E349 /* DYZB */,
				846D5E4025C50C9900C4E349 /* Products */,
			);
			sourceTree = "<group>";
		};
		846D5E4025C50C9900C4E349 /* Products */ = {
			isa = PBXGroup;
			children = (
				846D5E3F25C50C9900C4E349 /* DYZB.app */,
			);
			name = Products;
			sourceTree = "<group>";
		};
		846D5E4125C50C9900C4E349 /* DYZB */ = {
			isa = PBXGroup;
			children = (
				8402F91725C6F838005D4495 /* class */,
				846D5E4225C50C9900C4E349 /* AppDelegate.swift */,
				846D5E4B25C50C9B00C4E349 /* Assets.xcassets */,
				846D5E4D25C50C9B00C4E349 /* LaunchScreen.storyboard */,
				846D5E5025C50C9B00C4E349 /* Info.plist */,
			);
			path = DYZB;
			sourceTree = "<group>";
		};
		84A854C725C9913900E32C57 /* controller */ = {
			isa = PBXGroup;
			children = (
				84A854CF25C9924700E32C57 /* HomeViewController.swift */,
			);
			path = controller;
			sourceTree = "<group>";
		};
		84A854C825C9914B00E32C57 /* view */ = {
			isa = PBXGroup;
			children = (
			);
			path = view;
			sourceTree = "<group>";
		};
		84A854C925C9915200E32C57 /* model */ = {
			isa = PBXGroup;
			children = (
			);
			path = model;
			sourceTree = "<group>";
		};
		84A854CC25C9920000E32C57 /* controller */ = {
			isa = PBXGroup;
			children = (
				84AC659B25C8540000F2D4F5 /* MainViewController.swift */,
				84A854CA25C991F500E32C57 /* YCBaseViewController.swift */,
			);
			path = controller;
			sourceTree = "<group>";
		};
		84A854CD25C9920900E32C57 /* view */ = {
			isa = PBXGroup;
			children = (
			);
			path = view;
			sourceTree = "<group>";
		};
		84A854CE25C9920F00E32C57 /* model */ = {
			isa = PBXGroup;
			children = (
			);
			path = model;
			sourceTree = "<group>";
		};
		84A854D125C99B5800E32C57 /* YCExtension */ = {
			isa = PBXGroup;
			children = (
				84A854D425C99B9E00E32C57 /* UIBarButtonItem+Extension.swift */,
			);
			path = YCExtension;
			sourceTree = "<group>";
		};
/* End PBXGroup section */

/* Begin PBXNativeTarget section */
		846D5E3E25C50C9900C4E349 /* DYZB */ = {
			isa = PBXNativeTarget;
			buildConfigurationList = 846D5E5325C50C9B00C4E349 /* Build configuration list for PBXNativeTarget "DYZB" */;
			buildPhases = (
				846D5E3B25C50C9900C4E349 /* Sources */,
				846D5E3C25C50C9900C4E349 /* Frameworks */,
				846D5E3D25C50C9900C4E349 /* Resources */,
			);
			buildRules = (
			);
			dependencies = (
			);
			name = DYZB;
			productName = DYZB;
			productReference = 846D5E3F25C50C9900C4E349 /* DYZB.app */;
			productType = "com.apple.product-type.application";
		};
/* End PBXNativeTarget section */

/* Begin PBXProject section */
		846D5E3725C50C9900C4E349 /* Project object */ = {
			isa = PBXProject;
			attributes = {
				LastSwiftUpdateCheck = 1130;
				LastUpgradeCheck = 1130;
				ORGANIZATIONNAME = com.zyt.dn;
				TargetAttributes = {
					846D5E3E25C50C9900C4E349 = {
						CreatedOnToolsVersion = 11.3.1;
					};
				};
			};
			buildConfigurationList = 846D5E3A25C50C9900C4E349 /* Build configuration list for PBXProject "DYZB" */;
			compatibilityVersion = "Xcode 9.3";
			developmentRegion = en;
			hasScannedForEncodings = 0;
			knownRegions = (
				en,
				Base,
			);
			mainGroup = 846D5E3625C50C9900C4E349;
			productRefGroup = 846D5E4025C50C9900C4E349 /* Products */;
			projectDirPath = "";
			projectRoot = "";
			targets = (
				846D5E3E25C50C9900C4E349 /* DYZB */,
			);
		};
/* End PBXProject section */

/* Begin PBXResourcesBuildPhase section */
		846D5E3D25C50C9900C4E349 /* Resources */ = {
			isa = PBXResourcesBuildPhase;
			buildActionMask = 2147483647;
			files = (
				846D5E4F25C50C9B00C4E349 /* LaunchScreen.storyboard in Resources */,
				846D5E4C25C50C9B00C4E349 /* Assets.xcassets in Resources */,
				846D5E4A25C50C9900C4E349 /* Main.storyboard in Resources */,
				84AC659525C852F500F2D4F5 /* Live.storyboard in Resources */,
				84AC659A25C8532200F2D4F5 /* Mine.storyboard in Resources */,
				84AC659325C852DB00F2D4F5 /* Home.storyboard in Resources */,
				84AC659825C8530B00F2D4F5 /* Follow.storyboard in Resources */,
			);
			runOnlyForDeploymentPostprocessing = 0;
		};
/* End PBXResourcesBuildPhase section */

/* Begin PBXSourcesBuildPhase section */
		846D5E3B25C50C9900C4E349 /* Sources */ = {
			isa = PBXSourcesBuildPhase;
			buildActionMask = 2147483647;
			files = (
				846D5E4325C50C9900C4E349 /* AppDelegate.swift in Sources */,
				84A854CB25C991F500E32C57 /* YCBaseViewController.swift in Sources */,
				84A854D525C99B9E00E32C57 /* UIBarButtonItem+Extension.swift in Sources */,
				84AC659C25C8540000F2D4F5 /* MainViewController.swift in Sources */,
				84A854D025C9924700E32C57 /* HomeViewController.swift in Sources */,
			);
			runOnlyForDeploymentPostprocessing = 0;
		};
/* End PBXSourcesBuildPhase section */

/* Begin PBXVariantGroup section */
		846D5E4825C50C9900C4E349 /* Main.storyboard */ = {
			isa = PBXVariantGroup;
			children = (
				846D5E4925C50C9900C4E349 /* Base */,
			);
			name = Main.storyboard;
			sourceTree = "<group>";
		};
		846D5E4D25C50C9B00C4E349 /* LaunchScreen.storyboard */ = {
			isa = PBXVariantGroup;
			children = (
				846D5E4E25C50C9B00C4E349 /* Base */,
			);
			name = LaunchScreen.storyboard;
			sourceTree = "<group>";
		};
		84AC659125C852DB00F2D4F5 /* Home.storyboard */ = {
			isa = PBXVariantGroup;
			children = (
				84AC659225C852DB00F2D4F5 /* Base */,
			);
			name = Home.storyboard;
			sourceTree = "<group>";
		};
		84AC659625C8530B00F2D4F5 /* Follow.storyboard */ = {
			isa = PBXVariantGroup;
			children = (
				84AC659725C8530B00F2D4F5 /* Base */,
			);
			name = Follow.storyboard;
			sourceTree = "<group>";
		};
/* End PBXVariantGroup section */

/* Begin XCBuildConfiguration section */
		846D5E5125C50C9B00C4E349 /* Debug */ = {
			isa = XCBuildConfiguration;
			buildSettings = {
				ALWAYS_SEARCH_USER_PATHS = NO;
				CLANG_ANALYZER_NONNULL = YES;
				CLANG_ANALYZER_NUMBER_OBJECT_CONVERSION = YES_AGGRESSIVE;
				CLANG_CXX_LANGUAGE_STANDARD = "gnu++14";
				CLANG_CXX_LIBRARY = "libc++";
				CLANG_ENABLE_MODULES = YES;
				CLANG_ENABLE_OBJC_ARC = YES;
				CLANG_ENABLE_OBJC_WEAK = YES;
				CLANG_WARN_BLOCK_CAPTURE_AUTORELEASING = YES;
				CLANG_WARN_BOOL_CONVERSION = YES;
				CLANG_WARN_COMMA = YES;
				CLANG_WARN_CONSTANT_CONVERSION = YES;
				CLANG_WARN_DEPRECATED_OBJC_IMPLEMENTATIONS = YES;
				CLANG_WARN_DIRECT_OBJC_ISA_USAGE = YES_ERROR;
				CLANG_WARN_DOCUMENTATION_COMMENTS = YES;
				CLANG_WARN_EMPTY_BODY = YES;
				CLANG_WARN_ENUM_CONVERSION = YES;
				CLANG_WARN_INFINITE_RECURSION = YES;
				CLANG_WARN_INT_CONVERSION = YES;
				CLANG_WARN_NON_LITERAL_NULL_CONVERSION = YES;
				CLANG_WARN_OBJC_IMPLICIT_RETAIN_SELF = YES;
				CLANG_WARN_OBJC_LITERAL_CONVERSION = YES;
				CLANG_WARN_OBJC_ROOT_CLASS = YES_ERROR;
				CLANG_WARN_RANGE_LOOP_ANALYSIS = YES;
				CLANG_WARN_STRICT_PROTOTYPES = YES;
				CLANG_WARN_SUSPICIOUS_MOVE = YES;
				CLANG_WARN_UNGUARDED_AVAILABILITY = YES_AGGRESSIVE;
				CLANG_WARN_UNREACHABLE_CODE = YES;
				CLANG_WARN__DUPLICATE_METHOD_MATCH = YES;
				COPY_PHASE_STRIP = NO;
				DEBUG_INFORMATION_FORMAT = dwarf;
				ENABLE_STRICT_OBJC_MSGSEND = YES;
				ENABLE_TESTABILITY = YES;
				GCC_C_LANGUAGE_STANDARD = gnu11;
				GCC_DYNAMIC_NO_PIC = NO;
				GCC_NO_COMMON_BLOCKS = YES;
				GCC_OPTIMIZATION_LEVEL = 0;
				GCC_PREPROCESSOR_DEFINITIONS = (
					"DEBUG=1",
					"$(inherited)",
				);
				GCC_WARN_64_TO_32_BIT_CONVERSION = YES;
				GCC_WARN_ABOUT_RETURN_TYPE = YES_ERROR;
				GCC_WARN_UNDECLARED_SELECTOR = YES;
				GCC_WARN_UNINITIALIZED_AUTOS = YES_AGGRESSIVE;
				GCC_WARN_UNUSED_FUNCTION = YES;
				GCC_WARN_UNUSED_VARIABLE = YES;
				IPHONEOS_DEPLOYMENT_TARGET = 13.2;
				MTL_ENABLE_DEBUG_INFO = INCLUDE_SOURCE;
				MTL_FAST_MATH = YES;
				ONLY_ACTIVE_ARCH = YES;
				SDKROOT = iphoneos;
				SWIFT_ACTIVE_COMPILATION_CONDITIONS = DEBUG;
				SWIFT_OPTIMIZATION_LEVEL = "-Onone";
			};
			name = Debug;
		};
		846D5E5225C50C9B00C4E349 /* Release */ = {
			isa = XCBuildConfiguration;
			buildSettings = {
				ALWAYS_SEARCH_USER_PATHS = NO;
				CLANG_ANALYZER_NONNULL = YES;
				CLANG_ANALYZER_NUMBER_OBJECT_CONVERSION = YES_AGGRESSIVE;
				CLANG_CXX_LANGUAGE_STANDARD = "gnu++14";
				CLANG_CXX_LIBRARY = "libc++";
				CLANG_ENABLE_MODULES = YES;
				CLANG_ENABLE_OBJC_ARC = YES;
				CLANG_ENABLE_OBJC_WEAK = YES;
				CLANG_WARN_BLOCK_CAPTURE_AUTORELEASING = YES;
				CLANG_WARN_BOOL_CONVERSION = YES;
				CLANG_WARN_COMMA = YES;
				CLANG_WARN_CONSTANT_CONVERSION = YES;
				CLANG_WARN_DEPRECATED_OBJC_IMPLEMENTATIONS = YES;
				CLANG_WARN_DIRECT_OBJC_ISA_USAGE = YES_ERROR;
				CLANG_WARN_DOCUMENTATION_COMMENTS = YES;
				CLANG_WARN_EMPTY_BODY = YES;
				CLANG_WARN_ENUM_CONVERSION = YES;
				CLANG_WARN_INFINITE_RECURSION = YES;
				CLANG_WARN_INT_CONVERSION = YES;
				CLANG_WARN_NON_LITERAL_NULL_CONVERSION = YES;
				CLANG_WARN_OBJC_IMPLICIT_RETAIN_SELF = YES;
				CLANG_WARN_OBJC_LITERAL_CONVERSION = YES;
				CLANG_WARN_OBJC_ROOT_CLASS = YES_ERROR;
				CLANG_WARN_RANGE_LOOP_ANALYSIS = YES;
				CLANG_WARN_STRICT_PROTOTYPES = YES;
				CLANG_WARN_SUSPICIOUS_MOVE = YES;
				CLANG_WARN_UNGUARDED_AVAILABILITY = YES_AGGRESSIVE;
				CLANG_WARN_UNREACHABLE_CODE = YES;
				CLANG_WARN__DUPLICATE_METHOD_MATCH = YES;
				COPY_PHASE_STRIP = NO;
				DEBUG_INFORMATION_FORMAT = "dwarf-with-dsym";
				ENABLE_NS_ASSERTIONS = NO;
				ENABLE_STRICT_OBJC_MSGSEND = YES;
				GCC_C_LANGUAGE_STANDARD = gnu11;
				GCC_NO_COMMON_BLOCKS = YES;
				GCC_WARN_64_TO_32_BIT_CONVERSION = YES;
				GCC_WARN_ABOUT_RETURN_TYPE = YES_ERROR;
				GCC_WARN_UNDECLARED_SELECTOR = YES;
				GCC_WARN_UNINITIALIZED_AUTOS = YES_AGGRESSIVE;
				GCC_WARN_UNUSED_FUNCTION = YES;
				GCC_WARN_UNUSED_VARIABLE = YES;
				IPHONEOS_DEPLOYMENT_TARGET = 13.2;
				MTL_ENABLE_DEBUG_INFO = NO;
				MTL_FAST_MATH = YES;
				SDKROOT = iphoneos;
				SWIFT_COMPILATION_MODE = wholemodule;
				SWIFT_OPTIMIZATION_LEVEL = "-O";
				VALIDATE_PRODUCT = YES;
			};
			name = Release;
		};
		846D5E5425C50C9B00C4E349 /* Debug */ = {
			isa = XCBuildConfiguration;
			buildSettings = {
				ASSETCATALOG_COMPILER_APPICON_NAME = AppIcon;
				CODE_SIGN_STYLE = Automatic;
				INFOPLIST_FILE = DYZB/Info.plist;
				IPHONEOS_DEPLOYMENT_TARGET = 8.0;
				LD_RUNPATH_SEARCH_PATHS = (
					"$(inherited)",
					"@executable_path/Frameworks",
				);
				PRODUCT_BUNDLE_IDENTIFIER = com.zyt.DYZB;
				PRODUCT_NAME = "$(TARGET_NAME)";
				SWIFT_VERSION = 5.0;
				TARGETED_DEVICE_FAMILY = 1;
			};
			name = Debug;
		};
		846D5E5525C50C9B00C4E349 /* Release */ = {
			isa = XCBuildConfiguration;
			buildSettings = {
				ASSETCATALOG_COMPILER_APPICON_NAME = AppIcon;
				CODE_SIGN_STYLE = Automatic;
				INFOPLIST_FILE = DYZB/Info.plist;
				IPHONEOS_DEPLOYMENT_TARGET = 8.0;
				LD_RUNPATH_SEARCH_PATHS = (
					"$(inherited)",
					"@executable_path/Frameworks",
				);
				PRODUCT_BUNDLE_IDENTIFIER = com.zyt.DYZB;
				PRODUCT_NAME = "$(TARGET_NAME)";
				SWIFT_VERSION = 5.0;
				TARGETED_DEVICE_FAMILY = 1;
			};
			name = Release;
		};
/* End XCBuildConfiguration section */

/* Begin XCConfigurationList section */
		846D5E3A25C50C9900C4E349 /* Build configuration list for PBXProject "DYZB" */ = {
			isa = XCConfigurationList;
			buildConfigurations = (
				846D5E5125C50C9B00C4E349 /* Debug */,
				846D5E5225C50C9B00C4E349 /* Release */,
			);
			defaultConfigurationIsVisible = 0;
			defaultConfigurationName = Release;
		};
		846D5E5325C50C9B00C4E349 /* Build configuration list for PBXNativeTarget "DYZB" */ = {
			isa = XCConfigurationList;
			buildConfigurations = (
				846D5E5425C50C9B00C4E349 /* Debug */,
				846D5E5525C50C9B00C4E349 /* Release */,
			);
			defaultConfigurationIsVisible = 0;
			defaultConfigurationName = Release;
		};
/* End XCConfigurationList section */
	};
	rootObject = 846D5E3725C50C9900C4E349 /* Project object */;
}
